
Microsoft Visual Studio Solution File, Format Version 12.00
Project("{FAE04EC0-301F-11D3-BF4B-00C04F79EFBC}") = "GymWorkDisclosed", "GymWorkDisclosed\GymWorkDisclosed.csproj", "{D0EA0E88-40BD-4A6E-9723-637FDBEAA878}"
EndProject
Project("{FAE04EC0-301F-11D3-BF4B-00C04F79EFBC}") = "DAL", "DAL\DAL.csproj", "{389F49EC-FC79-4E9D-BED5-5E504BB8EE90}"
EndProject
Project("{2150E333-8FDC-42A3-9474-1A3956D46DE8}") = "BusinessLogic", "BusinessLogic", "{246DEE67-6D0B-4A2A-A24C-11C9F699720D}"
EndProject
Project("{FAE04EC0-301F-11D3-BF4B-00C04F79EFBC}") = "GymGoerService", "GymGoerService\GymGoerService.csproj", "{76DA89A9-A149-43BD-A733-CA648B50F271}"
EndProject
Project("{FAE04EC0-301F-11D3-BF4B-00C04F79EFBC}") = "WorkoutService", "WorkoutService\WorkoutService.csproj", "{40F0D27F-F834-4872-B70F-E27CE04E2F39}"
EndProject
Project("{FAE04EC0-301F-11D3-BF4B-00C04F79EFBC}") = "Classes", "Classes\Classes.csproj", "{AF39EAB1-D0C3-416B-8EA8-918BC0EF7B3F}"
EndProject
Project("{2150E333-8FDC-42A3-9474-1A3956D46DE8}") = "Services", "Services", "{3CE71031-BA56-4D1F-8B97-BEF6E0E678D1}"
EndProject
Project("{FAE04EC0-301F-11D3-BF4B-00C04F79EFBC}") = "ExerciseService", "ExerciseService\ExerciseService.csproj", "{89335333-A33C-4CA2-9231-DB0DB4A48FF5}"
EndProject
Project("{FAE04EC0-301F-11D3-BF4B-00C04F79EFBC}") = "BusinessLogicTests", "BusinessLogicTests\BusinessLogicTests.csproj", "{9102059A-3316-42CB-967E-584E2E36B3C3}"
EndProject
Project("{FAE04EC0-301F-11D3-BF4B-00C04F79EFBC}") = "IntegrationTests", "IntegrationTests\IntegrationTests.csproj", "{A566A91C-2994-4BA9-82D5-17D9D66E28FB}"
EndProject
Project("{FAE04EC0-301F-11D3-BF4B-00C04F79EFBC}") = "AuthService", "AuthService\AuthService.csproj", "{C0FE1626-9F9D-4E2C-B88B-511F935CFFB8}"
EndProject
Project("{FAE04EC0-301F-11D3-BF4B-00C04F79EFBC}") = "PersonalTrainerService", "PersonalTrainerService\PersonalTrainerService.csproj", "{22291722-4709-431C-BECF-82B86EF0D29B}"
EndProject
Global
	GlobalSection(SolutionConfigurationPlatforms) = preSolution
		Debug|Any CPU = Debug|Any CPU
		Release|Any CPU = Release|Any CPU
	EndGlobalSection
	GlobalSection(ProjectConfigurationPlatforms) = postSolution
		{D0EA0E88-40BD-4A6E-9723-637FDBEAA878}.Debug|Any CPU.ActiveCfg = Debug|Any CPU
		{D0EA0E88-40BD-4A6E-9723-637FDBEAA878}.Debug|Any CPU.Build.0 = Debug|Any CPU
		{D0EA0E88-40BD-4A6E-9723-637FDBEAA878}.Release|Any CPU.ActiveCfg = Release|Any CPU
		{D0EA0E88-40BD-4A6E-9723-637FDBEAA878}.Release|Any CPU.Build.0 = Release|Any CPU
		{389F49EC-FC79-4E9D-BED5-5E504BB8EE90}.Debug|Any CPU.ActiveCfg = Debug|Any CPU
		{389F49EC-FC79-4E9D-BED5-5E504BB8EE90}.Debug|Any CPU.Build.0 = Debug|Any CPU
		{389F49EC-FC79-4E9D-BED5-5E504BB8EE90}.Release|Any CPU.ActiveCfg = Release|Any CPU
		{389F49EC-FC79-4E9D-BED5-5E504BB8EE90}.Release|Any CPU.Build.0 = Release|Any CPU
		{76DA89A9-A149-43BD-A733-CA648B50F271}.Debug|Any CPU.ActiveCfg = Debug|Any CPU
		{76DA89A9-A149-43BD-A733-CA648B50F271}.Debug|Any CPU.Build.0 = Debug|Any CPU
		{76DA89A9-A149-43BD-A733-CA648B50F271}.Release|Any CPU.ActiveCfg = Release|Any CPU
		{76DA89A9-A149-43BD-A733-CA648B50F271}.Release|Any CPU.Build.0 = Release|Any CPU
		{40F0D27F-F834-4872-B70F-E27CE04E2F39}.Debug|Any CPU.ActiveCfg = Debug|Any CPU
		{40F0D27F-F834-4872-B70F-E27CE04E2F39}.Debug|Any CPU.Build.0 = Debug|Any CPU
		{40F0D27F-F834-4872-B70F-E27CE04E2F39}.Release|Any CPU.ActiveCfg = Release|Any CPU
		{40F0D27F-F834-4872-B70F-E27CE04E2F39}.Release|Any CPU.Build.0 = Release|Any CPU
		{AF39EAB1-D0C3-416B-8EA8-918BC0EF7B3F}.Debug|Any CPU.ActiveCfg = Debug|Any CPU
		{AF39EAB1-D0C3-416B-8EA8-918BC0EF7B3F}.Debug|Any CPU.Build.0 = Debug|Any CPU
		{AF39EAB1-D0C3-416B-8EA8-918BC0EF7B3F}.Release|Any CPU.ActiveCfg = Release|Any CPU
		{AF39EAB1-D0C3-416B-8EA8-918BC0EF7B3F}.Release|Any CPU.Build.0 = Release|Any CPU
		{89335333-A33C-4CA2-9231-DB0DB4A48FF5}.Debug|Any CPU.ActiveCfg = Debug|Any CPU
		{89335333-A33C-4CA2-9231-DB0DB4A48FF5}.Debug|Any CPU.Build.0 = Debug|Any CPU
		{89335333-A33C-4CA2-9231-DB0DB4A48FF5}.Release|Any CPU.ActiveCfg = Release|Any CPU
		{89335333-A33C-4CA2-9231-DB0DB4A48FF5}.Release|Any CPU.Build.0 = Release|Any CPU
		{9102059A-3316-42CB-967E-584E2E36B3C3}.Debug|Any CPU.ActiveCfg = Debug|Any CPU
		{9102059A-3316-42CB-967E-584E2E36B3C3}.Debug|Any CPU.Build.0 = Debug|Any CPU
		{9102059A-3316-42CB-967E-584E2E36B3C3}.Release|Any CPU.ActiveCfg = Release|Any CPU
		{9102059A-3316-42CB-967E-584E2E36B3C3}.Release|Any CPU.Build.0 = Release|Any CPU
		{A566A91C-2994-4BA9-82D5-17D9D66E28FB}.Debug|Any CPU.ActiveCfg = Debug|Any CPU
		{A566A91C-2994-4BA9-82D5-17D9D66E28FB}.Debug|Any CPU.Build.0 = Debug|Any CPU
		{A566A91C-2994-4BA9-82D5-17D9D66E28FB}.Release|Any CPU.ActiveCfg = Release|Any CPU
		{A566A91C-2994-4BA9-82D5-17D9D66E28FB}.Release|Any CPU.Build.0 = Release|Any CPU
		{C0FE1626-9F9D-4E2C-B88B-511F935CFFB8}.Debug|Any CPU.ActiveCfg = Debug|Any CPU
		{C0FE1626-9F9D-4E2C-B88B-511F935CFFB8}.Debug|Any CPU.Build.0 = Debug|Any CPU
		{C0FE1626-9F9D-4E2C-B88B-511F935CFFB8}.Release|Any CPU.ActiveCfg = Release|Any CPU
		{C0FE1626-9F9D-4E2C-B88B-511F935CFFB8}.Release|Any CPU.Build.0 = Release|Any CPU
		{22291722-4709-431C-BECF-82B86EF0D29B}.Debug|Any CPU.ActiveCfg = Debug|Any CPU
		{22291722-4709-431C-BECF-82B86EF0D29B}.Debug|Any CPU.Build.0 = Debug|Any CPU
		{22291722-4709-431C-BECF-82B86EF0D29B}.Release|Any CPU.ActiveCfg = Release|Any CPU
		{22291722-4709-431C-BECF-82B86EF0D29B}.Release|Any CPU.Build.0 = Release|Any CPU
	EndGlobalSection
	GlobalSection(NestedProjects) = preSolution
		{AF39EAB1-D0C3-416B-8EA8-918BC0EF7B3F} = {246DEE67-6D0B-4A2A-A24C-11C9F699720D}
		{3CE71031-BA56-4D1F-8B97-BEF6E0E678D1} = {246DEE67-6D0B-4A2A-A24C-11C9F699720D}
		{40F0D27F-F834-4872-B70F-E27CE04E2F39} = {3CE71031-BA56-4D1F-8B97-BEF6E0E678D1}
		{76DA89A9-A149-43BD-A733-CA648B50F271} = {3CE71031-BA56-4D1F-8B97-BEF6E0E678D1}
		{89335333-A33C-4CA2-9231-DB0DB4A48FF5} = {3CE71031-BA56-4D1F-8B97-BEF6E0E678D1}
		{9102059A-3316-42CB-967E-584E2E36B3C3} = {246DEE67-6D0B-4A2A-A24C-11C9F699720D}
		{C0FE1626-9F9D-4E2C-B88B-511F935CFFB8} = {3CE71031-BA56-4D1F-8B97-BEF6E0E678D1}
		{22291722-4709-431C-BECF-82B86EF0D29B} = {3CE71031-BA56-4D1F-8B97-BEF6E0E678D1}
	EndGlobalSection
EndGlobal
