
Microsoft Visual Studio Solution File, Format Version 12.00
Project("{FAE04EC0-301F-11D3-BF4B-00C04F79EFBC}") = "GymWorkDisclosed", "GymWorkDisclosed\GymWorkDisclosed.csproj", "{D0EA0E88-40BD-4A6E-9723-637FDBEAA878}"
EndProject
Project("{FAE04EC0-301F-11D3-BF4B-00C04F79EFBC}") = "Business Logic Test", "Business Logic Test\Business Logic Test.csproj", "{9D32CF40-3CEB-4861-BFA8-C4538A962872}"
EndProject
Project("{FAE04EC0-301F-11D3-BF4B-00C04F79EFBC}") = "Business Logic Layer", "Business Logic Layer\Business Logic Layer.csproj", "{F9D75473-9C82-4F38-9E24-E1FF05F7EBC9}"
EndProject
Global
	GlobalSection(SolutionConfigurationPlatforms) = preSolution
		Debug|Any CPU = Debug|Any CPU
		Release|Any CPU = Release|Any CPU
	EndGlobalSection
	GlobalSection(ProjectConfigurationPlatforms) = postSolution
		{D0EA0E88-40BD-4A6E-9723-637FDBEAA878}.Debug|Any CPU.ActiveCfg = Debug|Any CPU
		{D0EA0E88-40BD-4A6E-9723-637FDBEAA878}.Debug|Any CPU.Build.0 = Debug|Any CPU
		{D0EA0E88-40BD-4A6E-9723-637FDBEAA878}.Release|Any CPU.ActiveCfg = Release|Any CPU
		{D0EA0E88-40BD-4A6E-9723-637FDBEAA878}.Release|Any CPU.Build.0 = Release|Any CPU
		{9D32CF40-3CEB-4861-BFA8-C4538A962872}.Debug|Any CPU.ActiveCfg = Debug|Any CPU
		{9D32CF40-3CEB-4861-BFA8-C4538A962872}.Debug|Any CPU.Build.0 = Debug|Any CPU
		{9D32CF40-3CEB-4861-BFA8-C4538A962872}.Release|Any CPU.ActiveCfg = Release|Any CPU
		{9D32CF40-3CEB-4861-BFA8-C4538A962872}.Release|Any CPU.Build.0 = Release|Any CPU
		{F9D75473-9C82-4F38-9E24-E1FF05F7EBC9}.Debug|Any CPU.ActiveCfg = Debug|Any CPU
		{F9D75473-9C82-4F38-9E24-E1FF05F7EBC9}.Debug|Any CPU.Build.0 = Debug|Any CPU
		{F9D75473-9C82-4F38-9E24-E1FF05F7EBC9}.Release|Any CPU.ActiveCfg = Release|Any CPU
		{F9D75473-9C82-4F38-9E24-E1FF05F7EBC9}.Release|Any CPU.Build.0 = Release|Any CPU
	EndGlobalSection
EndGlobal
